// !$*UTF8*$!
{
	archiveVersion = 1;
	classes = {
	};
	objectVersion = 50;
	objects = {

/* Begin PBXBuildFile section */
		5200000022E79397006FFBE8 /* ViewController.swift in Sources */ = {isa = PBXBuildFile; fileRef = 5200FFFF22E79397006FFBE8 /* ViewController.swift */; };
		5200000322E79397006FFBE8 /* Main.storyboard in Resources */ = {isa = PBXBuildFile; fileRef = 5200000122E79397006FFBE8 /* Main.storyboard */; };
		5200000522E7939A006FFBE8 /* Assets.xcassets in Resources */ = {isa = PBXBuildFile; fileRef = 5200000422E7939A006FFBE8 /* Assets.xcassets */; };
		5200000822E7939A006FFBE8 /* LaunchScreen.storyboard in Resources */ = {isa = PBXBuildFile; fileRef = 5200000622E7939A006FFBE8 /* LaunchScreen.storyboard */; };
		5200FFFC22E79397006FFBE8 /* AppDelegate.swift in Sources */ = {isa = PBXBuildFile; fileRef = 5200FFFB22E79397006FFBE8 /* AppDelegate.swift */; };
		5200FFFE22E79397006FFBE8 /* art.scnassets in Resources */ = {isa = PBXBuildFile; fileRef = 5200FFFD22E79397006FFBE8 /* art.scnassets */; };
/* End PBXBuildFile section */

/* Begin PBXFileReference section */
		5200000222E79397006FFBE8 /* Base */ = {isa = PBXFileReference; lastKnownFileType = file.storyboard; name = Base; path = Base.lproj/Main.storyboard; sourceTree = "<group>"; };
		5200000422E7939A006FFBE8 /* Assets.xcassets */ = {isa = PBXFileReference; lastKnownFileType = folder.assetcatalog; path = Assets.xcassets; sourceTree = "<group>"; };
		5200000722E7939A006FFBE8 /* Base */ = {isa = PBXFileReference; lastKnownFileType = file.storyboard; name = Base; path = Base.lproj/LaunchScreen.storyboard; sourceTree = "<group>"; };
		5200000922E7939A006FFBE8 /* Info.plist */ = {isa = PBXFileReference; lastKnownFileType = text.plist.xml; path = Info.plist; sourceTree = "<group>"; };
		5200FFF822E79397006FFBE8 /* MagicNewspaper.app */ = {isa = PBXFileReference; explicitFileType = wrapper.application; includeInIndex = 0; path = MagicNewspaper.app; sourceTree = BUILT_PRODUCTS_DIR; };
		5200FFFB22E79397006FFBE8 /* AppDelegate.swift */ = {isa = PBXFileReference; lastKnownFileType = sourcecode.swift; path = AppDelegate.swift; sourceTree = "<group>"; };
		5200FFFD22E79397006FFBE8 /* art.scnassets */ = {isa = PBXFileReference; lastKnownFileType = wrapper.scnassets; path = art.scnassets; sourceTree = "<group>"; };
		5200FFFF22E79397006FFBE8 /* ViewController.swift */ = {isa = PBXFileReference; lastKnownFileType = sourcecode.swift; path = ViewController.swift; sourceTree = "<group>"; };
/* End PBXFileReference section */

/* Begin PBXFrameworksBuildPhase section */
		5200FFF522E79397006FFBE8 /* Frameworks */ = {
			isa = PBXFrameworksBuildPhase;
			buildActionMask = 2147483647;
			files = (
			);
			runOnlyForDeploymentPostprocessing = 0;
		};
/* End PBXFrameworksBuildPhase section */

/* Begin PBXGroup section */
		5200FFEF22E79397006FFBE8 = {
			isa = PBXGroup;
			children = (
				5200FFFA22E79397006FFBE8 /* MagicNewspaper */,
				5200FFF922E79397006FFBE8 /* Products */,
			);
			sourceTree = "<group>";
		};
		5200FFF922E79397006FFBE8 /* Products */ = {
			isa = PBXGroup;
			children = (
				5200FFF822E79397006FFBE8 /* MagicNewspaper.app */,
			);
			name = Products;
			sourceTree = "<group>";
		};
		5200FFFA22E79397006FFBE8 /* MagicNewspaper */ = {
			isa = PBXGroup;
			children = (
				5200FFFB22E79397006FFBE8 /* AppDelegate.swift */,
				5200FFFD22E79397006FFBE8 /* art.scnassets */,
				5200FFFF22E79397006FFBE8 /* ViewController.swift */,
				5200000122E79397006FFBE8 /* Main.storyboard */,
				5200000422E7939A006FFBE8 /* Assets.xcassets */,
				5200000622E7939A006FFBE8 /* LaunchScreen.storyboard */,
				5200000922E7939A006FFBE8 /* Info.plist */,
			);
			path = MagicNewspaper;
			sourceTree = "<group>";
		};
/* End PBXGroup section */

/* Begin PBXNativeTarget section */
		5200FFF722E79397006FFBE8 /* MagicNewspaper */ = {
			isa = PBXNativeTarget;
			buildConfigurationList = 5200000C22E7939A006FFBE8 /* Build configuration list for PBXNativeTarget "MagicNewspaper" */;
			buildPhases = (
				5200FFF422E79397006FFBE8 /* Sources */,
				5200FFF522E79397006FFBE8 /* Frameworks */,
				5200FFF622E79397006FFBE8 /* Resources */,
			);
			buildRules = (
			);
			dependencies = (
			);
			name = MagicNewspaper;
			productName = MagicNewspaper;
			productReference = 5200FFF822E79397006FFBE8 /* MagicNewspaper.app */;
			productType = "com.apple.product-type.application";
		};
/* End PBXNativeTarget section */

/* Begin PBXProject section */
		5200FFF022E79397006FFBE8 /* Project object */ = {
			isa = PBXProject;
			attributes = {
				LastSwiftUpdateCheck = 1020;
				LastUpgradeCheck = 1020;
				ORGANIZATIONNAME = "Nabil Arbouz";
				TargetAttributes = {
					5200FFF722E79397006FFBE8 = {
						CreatedOnToolsVersion = 10.2.1;
					};
				};
			};
			buildConfigurationList = 5200FFF322E79397006FFBE8 /* Build configuration list for PBXProject "MagicNewspaper" */;
			compatibilityVersion = "Xcode 9.3";
			developmentRegion = en;
			hasScannedForEncodings = 0;
			knownRegions = (
				en,
				Base,
			);
			mainGroup = 5200FFEF22E79397006FFBE8;
			productRefGroup = 5200FFF922E79397006FFBE8 /* Products */;
			projectDirPath = "";
			projectRoot = "";
			targets = (
				5200FFF722E79397006FFBE8 /* MagicNewspaper */,
			);
		};
/* End PBXProject section */

/* Begin PBXResourcesBuildPhase section */
		5200FFF622E79397006FFBE8 /* Resources */ = {
			isa = PBXResourcesBuildPhase;
			buildActionMask = 2147483647;
			files = (
				5200FFFE22E79397006FFBE8 /* art.scnassets in Resources */,
				5200000822E7939A006FFBE8 /* LaunchScreen.storyboard in Resources */,
				5200000522E7939A006FFBE8 /* Assets.xcassets in Resources */,
				5200000322E79397006FFBE8 /* Main.storyboard in Resources */,
			);
			runOnlyForDeploymentPostprocessing = 0;
		};
/* End PBXResourcesBuildPhase section */

/* Begin PBXSourcesBuildPhase section */
		5200FFF422E79397006FFBE8 /* Sources */ = {
			isa = PBXSourcesBuildPhase;
			buildActionMask = 2147483647;
			files = (
				5200000022E79397006FFBE8 /* ViewController.swift in Sources */,
				5200FFFC22E79397006FFBE8 /* AppDelegate.swift in Sources */,
			);
			runOnlyForDeploymentPostprocessing = 0;
		};
/* End PBXSourcesBuildPhase section */

/* Begin PBXVariantGroup section */
		5200000122E79397006FFBE8 /* Main.storyboard */ = {
			isa = PBXVariantGroup;
			children = (
				5200000222E79397006FFBE8 /* Base */,
			);
			name = Main.storyboard;
			sourceTree = "<group>";
		};
		5200000622E7939A006FFBE8 /* LaunchScreen.storyboard */ = {
			isa = PBXVariantGroup;
			children = (
				5200000722E7939A006FFBE8 /* Base */,
			);
			name = LaunchScreen.storyboard;
			sourceTree = "<group>";
		};
/* End PBXVariantGroup section */

/* Begin XCBuildConfiguration section */
		5200000A22E7939A006FFBE8 /* Debug */ = {
			isa = XCBuildConfiguration;
			buildSettings = {
				ALWAYS_SEARCH_USER_PATHS = NO;
				CLANG_ANALYZER_NONNULL = YES;
				CLANG_ANALYZER_NUMBER_OBJECT_CONVERSION = YES_AGGRESSIVE;
				CLANG_CXX_LANGUAGE_STANDARD = "gnu++14";
				CLANG_CXX_LIBRARY = "libc++";
				CLANG_ENABLE_MODULES = YES;
				CLANG_ENABLE_OBJC_ARC = YES;
				CLANG_ENABLE_OBJC_WEAK = YES;
				CLANG_WARN_BLOCK_CAPTURE_AUTORELEASING = YES;
				CLANG_WARN_BOOL_CONVERSION = YES;
				CLANG_WARN_COMMA = YES;
				CLANG_WARN_CONSTANT_CONVERSION = YES;
				CLANG_WARN_DEPRECATED_OBJC_IMPLEMENTATIONS = YES;
				CLANG_WARN_DIRECT_OBJC_ISA_USAGE = YES_ERROR;
				CLANG_WARN_DOCUMENTATION_COMMENTS = YES;
				CLANG_WARN_EMPTY_BODY = YES;
				CLANG_WARN_ENUM_CONVERSION = YES;
				CLANG_WARN_INFINITE_RECURSION = YES;
				CLANG_WARN_INT_CONVERSION = YES;
				CLANG_WARN_NON_LITERAL_NULL_CONVERSION = YES;
				CLANG_WARN_OBJC_IMPLICIT_RETAIN_SELF = YES;
				CLANG_WARN_OBJC_LITERAL_CONVERSION = YES;
				CLANG_WARN_OBJC_ROOT_CLASS = YES_ERROR;
				CLANG_WARN_RANGE_LOOP_ANALYSIS = YES;
				CLANG_WARN_STRICT_PROTOTYPES = YES;
				CLANG_WARN_SUSPICIOUS_MOVE = YES;
				CLANG_WARN_UNGUARDED_AVAILABILITY = YES_AGGRESSIVE;
				CLANG_WARN_UNREACHABLE_CODE = YES;
				CLANG_WARN__DUPLICATE_METHOD_MATCH = YES;
				CODE_SIGN_IDENTITY = "iPhone Developer";
				COPY_PHASE_STRIP = NO;
				DEBUG_INFORMATION_FORMAT = dwarf;
				ENABLE_STRICT_OBJC_MSGSEND = YES;
				ENABLE_TESTABILITY = YES;
				GCC_C_LANGUAGE_STANDARD = gnu11;
				GCC_DYNAMIC_NO_PIC = NO;
				GCC_NO_COMMON_BLOCKS = YES;
				GCC_OPTIMIZATION_LEVEL = 0;
				GCC_PREPROCESSOR_DEFINITIONS = (
					"DEBUG=1",
					"$(inherited)",
				);
				GCC_WARN_64_TO_32_BIT_CONVERSION = YES;
				GCC_WARN_ABOUT_RETURN_TYPE = YES_ERROR;
				GCC_WARN_UNDECLARED_SELECTOR = YES;
				GCC_WARN_UNINITIALIZED_AUTOS = YES_AGGRESSIVE;
				GCC_WARN_UNUSED_FUNCTION = YES;
				GCC_WARN_UNUSED_VARIABLE = YES;
				IPHONEOS_DEPLOYMENT_TARGET = 12.2;
				MTL_ENABLE_DEBUG_INFO = INCLUDE_SOURCE;
				MTL_FAST_MATH = YES;
				ONLY_ACTIVE_ARCH = YES;
				SDKROOT = iphoneos;
				SWIFT_ACTIVE_COMPILATION_CONDITIONS = DEBUG;
				SWIFT_OPTIMIZATION_LEVEL = "-Onone";
			};
			name = Debug;
		};
		5200000B22E7939A006FFBE8 /* Release */ = {
			isa = XCBuildConfiguration;
			buildSettings = {
				ALWAYS_SEARCH_USER_PATHS = NO;
				CLANG_ANALYZER_NONNULL = YES;
				CLANG_ANALYZER_NUMBER_OBJECT_CONVERSION = YES_AGGRESSIVE;
				CLANG_CXX_LANGUAGE_STANDARD = "gnu++14";
				CLANG_CXX_LIBRARY = "libc++";
				CLANG_ENABLE_MODULES = YES;
				CLANG_ENABLE_OBJC_ARC = YES;
				CLANG_ENABLE_OBJC_WEAK = YES;
				CLANG_WARN_BLOCK_CAPTURE_AUTORELEASING = YES;
				CLANG_WARN_BOOL_CONVERSION = YES;
				CLANG_WARN_COMMA = YES;
				CLANG_WARN_CONSTANT_CONVERSION = YES;
				CLANG_WARN_DEPRECATED_OBJC_IMPLEMENTATIONS = YES;
				CLANG_WARN_DIRECT_OBJC_ISA_USAGE = YES_ERROR;
				CLANG_WARN_DOCUMENTATION_COMMENTS = YES;
				CLANG_WARN_EMPTY_BODY = YES;
				CLANG_WARN_ENUM_CONVERSION = YES;
				CLANG_WARN_INFINITE_RECURSION = YES;
				CLANG_WARN_INT_CONVERSION = YES;
				CLANG_WARN_NON_LITERAL_NULL_CONVERSION = YES;
				CLANG_WARN_OBJC_IMPLICIT_RETAIN_SELF = YES;
				CLANG_WARN_OBJC_LITERAL_CONVERSION = YES;
				CLANG_WARN_OBJC_ROOT_CLASS = YES_ERROR;
				CLANG_WARN_RANGE_LOOP_ANALYSIS = YES;
				CLANG_WARN_STRICT_PROTOTYPES = YES;
				CLANG_WARN_SUSPICIOUS_MOVE = YES;
				CLANG_WARN_UNGUARDED_AVAILABILITY = YES_AGGRESSIVE;
				CLANG_WARN_UNREACHABLE_CODE = YES;
				CLANG_WARN__DUPLICATE_METHOD_MATCH = YES;
				CODE_SIGN_IDENTITY = "iPhone Developer";
				COPY_PHASE_STRIP = NO;
				DEBUG_INFORMATION_FORMAT = "dwarf-with-dsym";
				ENABLE_NS_ASSERTIONS = NO;
				ENABLE_STRICT_OBJC_MSGSEND = YES;
				GCC_C_LANGUAGE_STANDARD = gnu11;
				GCC_NO_COMMON_BLOCKS = YES;
				GCC_WARN_64_TO_32_BIT_CONVERSION = YES;
				GCC_WARN_ABOUT_RETURN_TYPE = YES_ERROR;
				GCC_WARN_UNDECLARED_SELECTOR = YES;
				GCC_WARN_UNINITIALIZED_AUTOS = YES_AGGRESSIVE;
				GCC_WARN_UNUSED_FUNCTION = YES;
				GCC_WARN_UNUSED_VARIABLE = YES;
				IPHONEOS_DEPLOYMENT_TARGET = 12.2;
				MTL_ENABLE_DEBUG_INFO = NO;
				MTL_FAST_MATH = YES;
				SDKROOT = iphoneos;
				SWIFT_COMPILATION_MODE = wholemodule;
				SWIFT_OPTIMIZATION_LEVEL = "-O";
				VALIDATE_PRODUCT = YES;
			};
			name = Release;
		};
		5200000D22E7939A006FFBE8 /* Debug */ = {
			isa = XCBuildConfiguration;
			buildSettings = {
				ASSETCATALOG_COMPILER_APPICON_NAME = AppIcon;
				CODE_SIGN_STYLE = Automatic;
				DEVELOPMENT_TEAM = 44PZ96Y3ZJ;
				INFOPLIST_FILE = MagicNewspaper/Info.plist;
				LD_RUNPATH_SEARCH_PATHS = (
					"$(inherited)",
					"@executable_path/Frameworks",
				);
				PRODUCT_BUNDLE_IDENTIFIER = com.nabilarbouz.MagicNewspaper;
				PRODUCT_NAME = "$(TARGET_NAME)";
				SWIFT_VERSION = 5.0;
				TARGETED_DEVICE_FAMILY = "1,2";
			};
			name = Debug;
		};
		5200000E22E7939A006FFBE8 /* Release */ = {
			isa = XCBuildConfiguration;
			buildSettings = {
				ASSETCATALOG_COMPILER_APPICON_NAME = AppIcon;
				CODE_SIGN_STYLE = Automatic;
				DEVELOPMENT_TEAM = 44PZ96Y3ZJ;
				INFOPLIST_FILE = MagicNewspaper/Info.plist;
				LD_RUNPATH_SEARCH_PATHS = (
					"$(inherited)",
					"@executable_path/Frameworks",
				);
				PRODUCT_BUNDLE_IDENTIFIER = com.nabilarbouz.MagicNewspaper;
				PRODUCT_NAME = "$(TARGET_NAME)";
				SWIFT_VERSION = 5.0;
				TARGETED_DEVICE_FAMILY = "1,2";
			};
			name = Release;
		};
/* End XCBuildConfiguration section */

/* Begin XCConfigurationList section */
		5200000C22E7939A006FFBE8 /* Build configuration list for PBXNativeTarget "MagicNewspaper" */ = {
			isa = XCConfigurationList;
			buildConfigurations = (
				5200000D22E7939A006FFBE8 /* Debug */,
				5200000E22E7939A006FFBE8 /* Release */,
			);
			defaultConfigurationIsVisible = 0;
			defaultConfigurationName = Release;
		};
		5200FFF322E79397006FFBE8 /* Build configuration list for PBXProject "MagicNewspaper" */ = {
			isa = XCConfigurationList;
			buildConfigurations = (
				5200000A22E7939A006FFBE8 /* Debug */,
				5200000B22E7939A006FFBE8 /* Release */,
			);
			defaultConfigurationIsVisible = 0;
			defaultConfigurationName = Release;
		};
/* End XCConfigurationList section */
	};
	rootObject = 5200FFF022E79397006FFBE8 /* Project object */;
}
